{
    "_meta": {
        "hash": {
            "sha256": "6d0e11a613f7f0ee483db3dee7a130053c1154dda0038b7c0349f6814de5f07d"
        },
        "pipfile-spec": 6,
        "requires": {
            "python_version": "3.8"
        },
        "sources": [
            {
                "name": "pypi",
                "url": "https://pypi.org/simple",
                "verify_ssl": true
            }
        ]
    },
    "default": {
        "appdirs": {
            "hashes": [
                "sha256:7d5d0167b2b1ba821647616af46a749d1c653740dd0d2415100fe26e27afdf41",
                "sha256:a841dacd6b99318a741b166adb07e19ee71a274450e68237b4650ca1055ab128"
            ],
            "version": "==1.4.4"
        },
        "asgiref": {
            "hashes": [
                "sha256:5ee950735509d04eb673bd7f7120f8fa1c9e2df495394992c73234d526907e17",
                "sha256:7162a3cb30ab0609f1a4c95938fd73e8604f63bdba516a7f7d64b83ff09478f0"
            ],
            "version": "==3.3.1"
        },
        "cfgv": {
            "hashes": [
                "sha256:32e43d604bbe7896fe7c248a9c2276447dbef840feb28fe20494f62af110211d",
                "sha256:cf22deb93d4bcf92f345a5c3cd39d3d41d6340adc60c78bbbd6588c384fda6a1"
            ],
            "version": "==3.2.0"
        },
        "distlib": {
            "hashes": [
                "sha256:8c09de2c67b3e7deef7184574fc060ab8a793e7adbb183d942c389c8b13c52fb",
                "sha256:edf6116872c863e1aa9d5bb7cb5e05a022c519a4594dc703843343a9ddd9bff1"
            ],
            "version": "==0.3.1"
        },
        "django": {
            "hashes": [
                "sha256:642d8eceab321ca743ae71e0f985ff8fdca59f07aab3a9fb362c617d23e33a76",
                "sha256:d4666c2edefa38c5ede0ec1655424c56dc47ceb04b6d8d62a7eac09db89545c1"
            ],
            "index": "pypi",
            "version": "==3.0.5"
        },
        "django-crispy-forms": {
            "hashes": [
                "sha256:50032184708ce351e3c9f0008ac35d659d9d5973fa2db218066f2e0a76eb41d9",
                "sha256:67e73ac863d3159500029fbbcdcb788f287a3fd357becebc1a0b51f73896dce3"
            ],
            "index": "pypi",
            "version": "==1.9.0"
        },
        "filelock": {
            "hashes": [
                "sha256:18d82244ee114f543149c66a6e0c14e9c4f8a1044b5cdaadd0f82159d6a6ff59",
                "sha256:929b7d63ec5b7d6b71b0fa5ac14e030b3f70b75747cef1b10da9b879fef15836"
            ],
            "version": "==3.0.12"
        },
        "identify": {
            "hashes": [
                "sha256:1cfb05b578de996677836d5a2dde14b3dffde313cf7d2b3e793a0787a36e26dd",
                "sha256:9cc5f58996cd359b7b72f0a5917d8639de5323917e6952a3bfbf36301b576f40"
            ],
            "version": "==2.2.1"
        },
        "nodeenv": {
            "hashes": [
                "sha256:5304d424c529c997bc888453aeaa6362d242b6b4631e90f3d4bf1b290f1c84a9",
                "sha256:ab45090ae383b716c4ef89e690c41ff8c2b257b85b309f01f3654df3d084bd7c"
            ],
            "version": "==1.5.0"
        },
        "pillow": {
            "hashes": [
                "sha256:04a10558320eba9137d6a78ca6fc8f4a5801f1b971152938851dc4629d903579",
                "sha256:0f89ddc77cf421b8cd34ae852309501458942bf370831b4a9b406156b599a14e",
                "sha256:251e5618125ec12ac800265d7048f5857a8f8f1979db9ea3e11382e159d17f68",
                "sha256:291bad7097b06d648222b769bbfcd61e40d0abdfe10df686d20ede36eb8162b6",
                "sha256:2f0b52a08d175f10c8ea36685115681a484c55d24d0933f9fd911e4111c04144",
                "sha256:3713386d1e9e79cea1c5e6aaac042841d7eef838cc577a3ca153c8bedf570287",
                "sha256:433bbc2469a2351bea53666d97bb1eb30f0d56461735be02ea6b27654569f80f",
                "sha256:4510c6b33277970b1af83c987277f9a08ec2b02cc20ac0f9234e4026136bb137",
                "sha256:50a10b048f4dd81c092adad99fa5f7ba941edaf2f9590510109ac2a15e706695",
                "sha256:670e58d3643971f4afd79191abd21623761c2ebe61db1c2cb4797d817c4ba1a7",
                "sha256:6c1924ed7dbc6ad0636907693bbbdd3fdae1d73072963e71f5644b864bb10b4d",
                "sha256:721c04d3c77c38086f1f95d1cd8df87f2f9a505a780acf8575912b3206479da1",
                "sha256:8d5799243050c2833c2662b824dfb16aa98e408d2092805edea4300a408490e7",
                "sha256:90cd441a1638ae176eab4d8b6b94ab4ec24b212ed4c3fbee2a6e74672481d4f8",
                "sha256:a5dc9f28c0239ec2742d4273bd85b2aa84655be2564db7ad1eb8f64b1efcdc4c",
                "sha256:b2f3e8cc52ecd259b94ca880fea0d15f4ebc6da2cd3db515389bb878d800270f",
                "sha256:b7453750cf911785009423789d2e4e5393aae9cbb8b3f471dab854b85a26cb89",
                "sha256:b99b2607b6cd58396f363b448cbe71d3c35e28f03e442ab00806463439629c2c",
                "sha256:cd47793f7bc9285a88c2b5551d3f16a2ddd005789614a34c5f4a598c2a162383",
                "sha256:d6bf085f6f9ec6a1724c187083b37b58a8048f86036d42d21802ed5d1fae4853",
                "sha256:da737ab273f4d60ae552f82ad83f7cbd0e173ca30ca20b160f708c92742ee212",
                "sha256:eb84e7e5b07ff3725ab05977ac56d5eeb0c510795aeb48e8b691491be3c5745b"
            ],
            "index": "pypi",
            "version": "==7.1.1"
        },
        "pre-commit": {
            "hashes": [
                "sha256:979b53dab1af35063a483bfe13b0fcbbf1a2cf8c46b60e0a9a8d08e8269647a1",
                "sha256:f3e85e68c6d1cbe7828d3471896f1b192cfcf1c4d83bf26e26beeb5941855257"
            ],
            "index": "pypi",
            "version": "==2.3.0"
        },
        "pytz": {
            "hashes": [
                "sha256:83a4a90894bf38e243cf052c8b58f381bfe9a7a483f6a9cab140bc7f702ac4da",
                "sha256:eb10ce3e7736052ed3623d49975ce333bcd712c7bb19a58b9e2089d4057d0798"
            ],
            "version": "==2021.1"
        },
        "pyyaml": {
            "hashes": [
                "sha256:02c78d77281d8f8d07a255e57abdbf43b02257f59f50cc6b636937d68efa5dd0",
                "sha256:0dc9f2eb2e3c97640928dec63fd8dc1dd91e6b6ed236bd5ac00332b99b5c2ff9",
                "sha256:124fd7c7bc1e95b1eafc60825f2daf67c73ce7b33f1194731240d24b0d1bf628",
                "sha256:26fcb33776857f4072601502d93e1a619f166c9c00befb52826e7b774efaa9db",
                "sha256:31ba07c54ef4a897758563e3a0fcc60077698df10180abe4b8165d9895c00ebf",
                "sha256:3c49e39ac034fd64fd576d63bb4db53cda89b362768a67f07749d55f128ac18a",
                "sha256:52bf0930903818e600ae6c2901f748bc4869c0c406056f679ab9614e5d21a166",
                "sha256:5a3f345acff76cad4aa9cb171ee76c590f37394186325d53d1aa25318b0d4a09",
                "sha256:5e7ac4e0e79a53451dc2814f6876c2fa6f71452de1498bbe29c0b54b69a986f4",
                "sha256:7242790ab6c20316b8e7bb545be48d7ed36e26bbe279fd56f2c4a12510e60b4b",
                "sha256:737bd70e454a284d456aa1fa71a0b429dd527bcbf52c5c33f7c8eee81ac16b89",
                "sha256:8635d53223b1f561b081ff4adecb828fd484b8efffe542edcfdff471997f7c39",
                "sha256:8b818b6c5a920cbe4203b5a6b14256f0e5244338244560da89b7b0f1313ea4b6",
                "sha256:8bf38641b4713d77da19e91f8b5296b832e4db87338d6aeffe422d42f1ca896d",
                "sha256:a36a48a51e5471513a5aea920cdad84cbd56d70a5057cca3499a637496ea379c",
                "sha256:b2243dd033fd02c01212ad5c601dafb44fbb293065f430b0d3dbf03f3254d615",
                "sha256:cc547d3ead3754712223abb7b403f0a184e4c3eae18c9bb7fd15adef1597cc4b",
                "sha256:cc552b6434b90d9dbed6a4f13339625dc466fd82597119897e9489c953acbc22",
                "sha256:f3790156c606299ff499ec44db422f66f05a7363b39eb9d5b064f17bd7d7c47b",
                "sha256:f7a21e3d99aa3095ef0553e7ceba36fb693998fbb1226f1392ce33681047465f",
                "sha256:fdc6b2cb4b19e431994f25a9160695cc59a4e861710cc6fc97161c5e845fc579"
            ],
            "index": "pypi",
            "version": "==5.4"
        },
        "six": {
            "hashes": [
                "sha256:30639c035cdb23534cd4aa2dd52c3bf48f06e5f4a941509c8bafd8ce11080259",
                "sha256:8b74bedcbbbaca38ff6d7491d76f2b06b3592611af620f8426e82dddb04a5ced"
            ],
            "version": "==1.15.0"
        },
        "sqlparse": {
            "hashes": [
                "sha256:017cde379adbd6a1f15a61873f43e8274179378e95ef3fede90b5aa64d304ed0",
                "sha256:0f91fd2e829c44362cbcfab3e9ae12e22badaa8a29ad5ff599f9ec109f0454e8"
            ],
            "version": "==0.4.1"
        },
        "toml": {
            "hashes": [
                "sha256:806143ae5bfb6a3c6e736a764057db0e6a0e05e338b5630894a5f779cabb4f9b",
                "sha256:b3bda1d108d5dd99f4a20d24d9c348e91c4db7ab1b749200bded2f839ccbe68f"
            ],
            "version": "==0.10.2"
        },
        "virtualenv": {
            "hashes": [
                "sha256:49ec4eb4c224c6f7dd81bb6d0a28a09ecae5894f4e593c89b0db0885f565a107",
                "sha256:83f95875d382c7abafe06bd2a4cdd1b363e1bb77e02f155ebe8ac082a916b37c"
            ],
            "version": "==20.4.3"
        }
    },
    "develop": {}
}
